# Generated by pub
# See http://pub.dartlang.org/doc/glossary.html#lockfile
packages:
  browser:
    description: browser
    source: hosted
    version: "0.9.0"
  crypto:
    description: crypto
    source: hosted
    version: "0.8.10+3"
  js:
    description: js
    source: hosted
    version: "0.2.0"
  meta:
    description: meta
    source: hosted
    version: "0.8.8"
  path:
    description: path
    source: hosted
    version: "0.8.10+3"
  stack_trace:
    description: stack_trace
    source: hosted
    version: "0.8.10+3"
  stagexl:
    description:
      ref: master
      resolved-ref: b60ec2ffef710928f777003a050f783719588745
      url: "https://github.com/bp74/StageXL.git"
    source: git
    version: "0.8.8"
  unittest:
    description: unittest
    source: hosted
    version: "0.8.10+3"
  xml:
    description: xml
    source: hosted
    version: "0.9.5"
